// !$*UTF8*$!
{
	archiveVersion = 1;
	classes = {
	};
	objectVersion = 50;
	objects = {

/* Begin PBXBuildFile section */
		4C97A98923140C6E00BB7698 /* MPCSVWriter.m in Sources */ = {isa = PBXBuildFile; fileRef = 4C97A98823140C6E00BB7698 /* MPCSVWriter.m */; };
		4CBBB3B12313DC35002444D4 /* MPCSVPlugin.m in Sources */ = {isa = PBXBuildFile; fileRef = 4CBBB3B02313DC35002444D4 /* MPCSVPlugin.m */; };
/* End PBXBuildFile section */

/* Begin PBXFileReference section */
		4C97A98723140C6E00BB7698 /* MPCSVWriter.h */ = {isa = PBXFileReference; lastKnownFileType = sourcecode.c.h; path = MPCSVWriter.h; sourceTree = "<group>"; };
		4C97A98823140C6E00BB7698 /* MPCSVWriter.m */ = {isa = PBXFileReference; lastKnownFileType = sourcecode.c.objc; path = MPCSVWriter.m; sourceTree = "<group>"; };
		4CBBB3A52313D9DF002444D4 /* MacPassCSV.mpplugin */ = {isa = PBXFileReference; explicitFileType = wrapper.cfbundle; includeInIndex = 0; path = MacPassCSV.mpplugin; sourceTree = BUILT_PRODUCTS_DIR; };
		4CBBB3A82313D9DF002444D4 /* Info.plist */ = {isa = PBXFileReference; lastKnownFileType = text.plist.xml; path = Info.plist; sourceTree = "<group>"; };
		4CBBB3AF2313DC35002444D4 /* MPCSVPlugin.h */ = {isa = PBXFileReference; lastKnownFileType = sourcecode.c.h; path = MPCSVPlugin.h; sourceTree = "<group>"; };
		4CBBB3B02313DC35002444D4 /* MPCSVPlugin.m */ = {isa = PBXFileReference; lastKnownFileType = sourcecode.c.objc; path = MPCSVPlugin.m; sourceTree = "<group>"; };
/* End PBXFileReference section */

/* Begin PBXFrameworksBuildPhase section */
		4CBBB3A22313D9DF002444D4 /* Frameworks */ = {
			isa = PBXFrameworksBuildPhase;
			buildActionMask = 2147483647;
			files = (
			);
			runOnlyForDeploymentPostprocessing = 0;
		};
/* End PBXFrameworksBuildPhase section */

/* Begin PBXGroup section */
		4CBBB39C2313D9DF002444D4 = {
			isa = PBXGroup;
			children = (
				4CBBB3A72313D9DF002444D4 /* MacPassCSV */,
				4CBBB3A62313D9DF002444D4 /* Products */,
			);
			sourceTree = "<group>";
		};
		4CBBB3A62313D9DF002444D4 /* Products */ = {
			isa = PBXGroup;
			children = (
				4CBBB3A52313D9DF002444D4 /* MacPassCSV.mpplugin */,
			);
			name = Products;
			sourceTree = "<group>";
		};
		4CBBB3A72313D9DF002444D4 /* MacPassCSV */ = {
			isa = PBXGroup;
			children = (
				4CBBB3A82313D9DF002444D4 /* Info.plist */,
				4CBBB3AF2313DC35002444D4 /* MPCSVPlugin.h */,
				4CBBB3B02313DC35002444D4 /* MPCSVPlugin.m */,
				4C97A98723140C6E00BB7698 /* MPCSVWriter.h */,
				4C97A98823140C6E00BB7698 /* MPCSVWriter.m */,
			);
			path = MacPassCSV;
			sourceTree = "<group>";
		};
/* End PBXGroup section */

/* Begin PBXNativeTarget section */
		4CBBB3A42313D9DF002444D4 /* MacPassCSV */ = {
			isa = PBXNativeTarget;
			buildConfigurationList = 4CBBB3AB2313D9DF002444D4 /* Build configuration list for PBXNativeTarget "MacPassCSV" */;
			buildPhases = (
				4CBBB3A12313D9DF002444D4 /* Sources */,
				4CBBB3A22313D9DF002444D4 /* Frameworks */,
				4CBBB3A32313D9DF002444D4 /* Resources */,
				4CBBB3AE2313DBDF002444D4 /* Versioning */,
			);
			buildRules = (
			);
			dependencies = (
			);
			name = MacPassCSV;
			productName = MacPassCSV;
			productReference = 4CBBB3A52313D9DF002444D4 /* MacPassCSV.mpplugin */;
			productType = "com.apple.product-type.bundle";
		};
/* End PBXNativeTarget section */

/* Begin PBXProject section */
		4CBBB39D2313D9DF002444D4 /* Project object */ = {
			isa = PBXProject;
			attributes = {
				LastUpgradeCheck = 1030;
				ORGANIZATIONNAME = "HicknHack Software GmbH";
				TargetAttributes = {
					4CBBB3A42313D9DF002444D4 = {
						CreatedOnToolsVersion = 10.3;
					};
				};
			};
			buildConfigurationList = 4CBBB3A02313D9DF002444D4 /* Build configuration list for PBXProject "MacPassCSV" */;
			compatibilityVersion = "Xcode 9.3";
			developmentRegion = en;
			hasScannedForEncodings = 0;
			knownRegions = (
				en,
			);
			mainGroup = 4CBBB39C2313D9DF002444D4;
			productRefGroup = 4CBBB3A62313D9DF002444D4 /* Products */;
			projectDirPath = "";
			projectRoot = "";
			targets = (
				4CBBB3A42313D9DF002444D4 /* MacPassCSV */,
			);
		};
/* End PBXProject section */

/* Begin PBXResourcesBuildPhase section */
		4CBBB3A32313D9DF002444D4 /* Resources */ = {
			isa = PBXResourcesBuildPhase;
			buildActionMask = 2147483647;
			files = (
			);
			runOnlyForDeploymentPostprocessing = 0;
		};
/* End PBXResourcesBuildPhase section */

/* Begin PBXShellScriptBuildPhase section */
		4CBBB3AE2313DBDF002444D4 /* Versioning */ = {
			isa = PBXShellScriptBuildPhase;
			buildActionMask = 2147483647;
			files = (
			);
			inputFileListPaths = (
			);
			inputPaths = (
				"${BUILT_PRODUCTS_DIR}/${INFOPLIST_PATH}",
				"${TARGET_BUILD_DIR}/${INFOPLIST_PATH}",
			);
			name = Versioning;
			outputFileListPaths = (
			);
			outputPaths = (
			);
			runOnlyForDeploymentPostprocessing = 0;
			shellPath = /bin/sh;
			shellScript = "git=`sh /etc/profile; which git`\nbranch_name=`$git rev-parse --abbrev-ref HEAD`\ngit_count=`$git rev-list $branch_name |wc -l | sed 's/^ *//;s/ *$//'`\n\nbuild_number=\"${git_count}\"\nif [ $CONFIGURATION != \"Release\" ] || [ $branch_name != \"master\" ]; then\nbuild_number+=\"-$branch_name\"\nfi\nif [ \"$CI\" = \"true\" ]; then\nbuild_date=`date +\"%Y%m%d%H%m%S\"`\nbuild_number=\"$build_date-continuous\"\nfi\n\nplist=\"${TARGET_BUILD_DIR}/${INFOPLIST_PATH}\"\ndsym_plist=\"${DWARF_DSYM_FOLDER_PATH}/${DWARF_DSYM_FILE_NAME}/Contents/Info.plist\"\n\n/usr/libexec/PlistBuddy -c \"Set :CFBundleVersion $build_number\" \"$plist\"\nif [ -f \"$DSYM_INFO_PLIST\" ] ; then\n/usr/libexec/PlistBuddy -c \"Set :CFBundleVersion $build_number\" \"$dsym_plist\"\nfi\n";
		};
/* End PBXShellScriptBuildPhase section */

/* Begin PBXSourcesBuildPhase section */
		4CBBB3A12313D9DF002444D4 /* Sources */ = {
			isa = PBXSourcesBuildPhase;
			buildActionMask = 2147483647;
			files = (
				4C97A98923140C6E00BB7698 /* MPCSVWriter.m in Sources */,
				4CBBB3B12313DC35002444D4 /* MPCSVPlugin.m in Sources */,
			);
			runOnlyForDeploymentPostprocessing = 0;
		};
/* End PBXSourcesBuildPhase section */

/* Begin XCBuildConfiguration section */
		4CBBB3A92313D9DF002444D4 /* Debug */ = {
			isa = XCBuildConfiguration;
			buildSettings = {
				ALWAYS_SEARCH_USER_PATHS = NO;
				CLANG_ANALYZER_NONNULL = YES;
				CLANG_ANALYZER_NUMBER_OBJECT_CONVERSION = YES_AGGRESSIVE;
				CLANG_CXX_LANGUAGE_STANDARD = "gnu++14";
				CLANG_CXX_LIBRARY = "libc++";
				CLANG_ENABLE_MODULES = YES;
				CLANG_ENABLE_OBJC_ARC = YES;
				CLANG_ENABLE_OBJC_WEAK = YES;
				CLANG_WARN_BLOCK_CAPTURE_AUTORELEASING = YES;
				CLANG_WARN_BOOL_CONVERSION = YES;
				CLANG_WARN_COMMA = YES;
				CLANG_WARN_CONSTANT_CONVERSION = YES;
				CLANG_WARN_DEPRECATED_OBJC_IMPLEMENTATIONS = YES;
				CLANG_WARN_DIRECT_OBJC_ISA_USAGE = YES_ERROR;
				CLANG_WARN_DOCUMENTATION_COMMENTS = YES;
				CLANG_WARN_EMPTY_BODY = YES;
				CLANG_WARN_ENUM_CONVERSION = YES;
				CLANG_WARN_INFINITE_RECURSION = YES;
				CLANG_WARN_INT_CONVERSION = YES;
				CLANG_WARN_NON_LITERAL_NULL_CONVERSION = YES;
				CLANG_WARN_OBJC_IMPLICIT_RETAIN_SELF = YES;
				CLANG_WARN_OBJC_LITERAL_CONVERSION = YES;
				CLANG_WARN_OBJC_ROOT_CLASS = YES_ERROR;
				CLANG_WARN_RANGE_LOOP_ANALYSIS = YES;
				CLANG_WARN_STRICT_PROTOTYPES = YES;
				CLANG_WARN_SUSPICIOUS_MOVE = YES;
				CLANG_WARN_UNGUARDED_AVAILABILITY = YES_AGGRESSIVE;
				CLANG_WARN_UNREACHABLE_CODE = YES;
				CLANG_WARN__DUPLICATE_METHOD_MATCH = YES;
				CODE_SIGN_IDENTITY = "-";
				COPY_PHASE_STRIP = NO;
				DEBUG_INFORMATION_FORMAT = dwarf;
				ENABLE_STRICT_OBJC_MSGSEND = YES;
				ENABLE_TESTABILITY = YES;
				GCC_C_LANGUAGE_STANDARD = gnu11;
				GCC_DYNAMIC_NO_PIC = NO;
				GCC_NO_COMMON_BLOCKS = YES;
				GCC_OPTIMIZATION_LEVEL = 0;
				GCC_PREPROCESSOR_DEFINITIONS = (
					"DEBUG=1",
					"$(inherited)",
				);
				GCC_WARN_64_TO_32_BIT_CONVERSION = YES;
				GCC_WARN_ABOUT_RETURN_TYPE = YES_ERROR;
				GCC_WARN_UNDECLARED_SELECTOR = YES;
				GCC_WARN_UNINITIALIZED_AUTOS = YES_AGGRESSIVE;
				GCC_WARN_UNUSED_FUNCTION = YES;
				GCC_WARN_UNUSED_VARIABLE = YES;
				HEADER_SEARCH_PATHS = "$(PROJECT_DIR)/../MacPass/**";
				MACOSX_DEPLOYMENT_TARGET = 10.10;
				MTL_ENABLE_DEBUG_INFO = INCLUDE_SOURCE;
				MTL_FAST_MATH = YES;
				ONLY_ACTIVE_ARCH = YES;
				OTHER_LDFLAGS = (
					"-undefined",
					dynamic_lookup,
				);
				SDKROOT = macosx;
			};
			name = Debug;
		};
		4CBBB3AA2313D9DF002444D4 /* Release */ = {
			isa = XCBuildConfiguration;
			buildSettings = {
				ALWAYS_SEARCH_USER_PATHS = NO;
				CLANG_ANALYZER_NONNULL = YES;
				CLANG_ANALYZER_NUMBER_OBJECT_CONVERSION = YES_AGGRESSIVE;
				CLANG_CXX_LANGUAGE_STANDARD = "gnu++14";
				CLANG_CXX_LIBRARY = "libc++";
				CLANG_ENABLE_MODULES = YES;
				CLANG_ENABLE_OBJC_ARC = YES;
				CLANG_ENABLE_OBJC_WEAK = YES;
				CLANG_WARN_BLOCK_CAPTURE_AUTORELEASING = YES;
				CLANG_WARN_BOOL_CONVERSION = YES;
				CLANG_WARN_COMMA = YES;
				CLANG_WARN_CONSTANT_CONVERSION = YES;
				CLANG_WARN_DEPRECATED_OBJC_IMPLEMENTATIONS = YES;
				CLANG_WARN_DIRECT_OBJC_ISA_USAGE = YES_ERROR;
				CLANG_WARN_DOCUMENTATION_COMMENTS = YES;
				CLANG_WARN_EMPTY_BODY = YES;
				CLANG_WARN_ENUM_CONVERSION = YES;
				CLANG_WARN_INFINITE_RECURSION = YES;
				CLANG_WARN_INT_CONVERSION = YES;
				CLANG_WARN_NON_LITERAL_NULL_CONVERSION = YES;
				CLANG_WARN_OBJC_IMPLICIT_RETAIN_SELF = YES;
				CLANG_WARN_OBJC_LITERAL_CONVERSION = YES;
				CLANG_WARN_OBJC_ROOT_CLASS = YES_ERROR;
				CLANG_WARN_RANGE_LOOP_ANALYSIS = YES;
				CLANG_WARN_STRICT_PROTOTYPES = YES;
				CLANG_WARN_SUSPICIOUS_MOVE = YES;
				CLANG_WARN_UNGUARDED_AVAILABILITY = YES_AGGRESSIVE;
				CLANG_WARN_UNREACHABLE_CODE = YES;
				CLANG_WARN__DUPLICATE_METHOD_MATCH = YES;
				CODE_SIGN_IDENTITY = "-";
				COPY_PHASE_STRIP = NO;
				DEBUG_INFORMATION_FORMAT = "dwarf-with-dsym";
				ENABLE_NS_ASSERTIONS = NO;
				ENABLE_STRICT_OBJC_MSGSEND = YES;
				GCC_C_LANGUAGE_STANDARD = gnu11;
				GCC_NO_COMMON_BLOCKS = YES;
				GCC_WARN_64_TO_32_BIT_CONVERSION = YES;
				GCC_WARN_ABOUT_RETURN_TYPE = YES_ERROR;
				GCC_WARN_UNDECLARED_SELECTOR = YES;
				GCC_WARN_UNINITIALIZED_AUTOS = YES_AGGRESSIVE;
				GCC_WARN_UNUSED_FUNCTION = YES;
				GCC_WARN_UNUSED_VARIABLE = YES;
				HEADER_SEARCH_PATHS = "$(PROJECT_DIR)/../MacPass/**";
				MACOSX_DEPLOYMENT_TARGET = 10.10;
				MTL_ENABLE_DEBUG_INFO = NO;
				MTL_FAST_MATH = YES;
				OTHER_LDFLAGS = (
					"-undefined",
					dynamic_lookup,
				);
				SDKROOT = macosx;
			};
			name = Release;
		};
		4CBBB3AC2313D9DF002444D4 /* Debug */ = {
			isa = XCBuildConfiguration;
			buildSettings = {
				CODE_SIGN_STYLE = Automatic;
				COMBINE_HIDPI_IMAGES = YES;
				CURRENT_PROJECT_VERSION = 0.1;
				DEPLOYMENT_LOCATION = YES;
				DSTROOT = /;
				INFOPLIST_FILE = MacPassCSV/Info.plist;
				INSTALL_PATH = "$(USER_LIBRARY_DIR)/Application Support/MacPass";
				PRODUCT_BUNDLE_IDENTIFIER = com.hicknhacksoftware.MacPassCSV;
				PRODUCT_NAME = "$(TARGET_NAME)";
				SKIP_INSTALL = NO;
				WRAPPER_EXTENSION = mpplugin;
			};
			name = Debug;
		};
		4CBBB3AD2313D9DF002444D4 /* Release */ = {
			isa = XCBuildConfiguration;
			buildSettings = {
				CODE_SIGN_STYLE = Automatic;
				COMBINE_HIDPI_IMAGES = YES;
				CURRENT_PROJECT_VERSION = 0.1;
				DEPLOYMENT_LOCATION = YES;
				DSTROOT = /;
				INFOPLIST_FILE = MacPassCSV/Info.plist;
				INSTALL_PATH = "$(USER_LIBRARY_DIR)/Application Support/MacPass";
				PRODUCT_BUNDLE_IDENTIFIER = com.hicknhacksoftware.MacPassCSV;
				PRODUCT_NAME = "$(TARGET_NAME)";
				SKIP_INSTALL = NO;
				WRAPPER_EXTENSION = mpplugin;
			};
			name = Release;
		};
/* End XCBuildConfiguration section */

/* Begin XCConfigurationList section */
		4CBBB3A02313D9DF002444D4 /* Build configuration list for PBXProject "MacPassCSV" */ = {
			isa = XCConfigurationList;
			buildConfigurations = (
				4CBBB3A92313D9DF002444D4 /* Debug */,
				4CBBB3AA2313D9DF002444D4 /* Release */,
			);
			defaultConfigurationIsVisible = 0;
			defaultConfigurationName = Release;
		};
		4CBBB3AB2313D9DF002444D4 /* Build configuration list for PBXNativeTarget "MacPassCSV" */ = {
			isa = XCConfigurationList;
			buildConfigurations = (
				4CBBB3AC2313D9DF002444D4 /* Debug */,
				4CBBB3AD2313D9DF002444D4 /* Release */,
			);
			defaultConfigurationIsVisible = 0;
			defaultConfigurationName = Release;
		};
/* End XCConfigurationList section */
	};
	rootObject = 4CBBB39D2313D9DF002444D4 /* Project object */;
}
